# This file was autogenerated by uv via the following command:
#    python tools/gen_lockfile.py --platform windows
altgraph==0.17.5 \
    --hash=sha256:c87b395dd12fabde9c99573a9749d67da8d29ef9de0125c7f536699b4a9bc9e7 \
    --hash=sha256:f3a22400bce1b0c701683820ac4f3b159cd301acab067c51c653e06961600597
bandit==1.9.4 \
    --hash=sha256:b589e5de2afe70bd4d53fa0c1da6199f4085af666fde00e8a034f152a52cd628 \
    --hash=sha256:f89ffa663767f5a0585ea075f01020207e966a9c0f2b9ef56a57c7963a3f6f8e
cffi==2.1.1 \
    --hash=sha256:046bfc24911b37851ee1b51aab8bffe713d89c68c6a057b09484ce9fd5f69b4e \
    --hash=sha256:06c72bb76605a4b0cd0aad6930b69d4baf7dd5d806cfc409b824191099700e66 \
    --hash=sha256:0beceaabe56af686895136a2de78db54ecd8e4046b236b8fd6d6cb61389e9bf2 \
    --hash=sha256:154852545011f779917b11c78db2358d095da62a9a172b78ad0a583ee5adc0d0 \
    --hash=sha256:194cffa889098ced9976c3fc6340305e43f6303657d298da55366907c05c22d6 \
    --hash=sha256:19ee6127ee34de7d83ce3d371ebc5ed91addbdcc39f9ab15ce4eb35a4e534971 \
    --hash=sha256:1a18a57b58cfb21fc28d72e876acf10eaed67a1ed96226f92af4df681d571c4c \
    --hash=sha256:1aa5645c30469b09530c4ebca77ebf8f17618293c58f8549cb1a543a50236e7d \
    --hash=sha256:1dea0e4d7d4f11f619fe8c1d76caf49e24405b4b5743c0e3be16a500ecd930c9 \
    --hash=sha256:208f941bb9d18e768138677f0a6d2ce01f590df56043dda1df1535ac57c88517 \
    --hash=sha256:210019b6c7cf07f081b4c54635c8cf744377001350e29cc0f81c4377b4797735 \
    --hash=sha256:246fa40ce8645a614ff682e0b70f37134e460eaf93a775e0cbe3cca585a67a80 \
    --hash=sha256:25792eac27877609e7bb06d42ff88278a6624fff2ba9bbb523c09616b117e80f \
    --hash=sha256:27350daa11d4f10c540e6e89dada4c54feb7256ad03e9a4dc075ebad7ba360d1 \
    --hash=sha256:28907ab9bfb6aa13184cfc17c6b8e1023c5ab6fd7076d8c20a35e59fe04f8f29 \
    --hash=sha256:2ae64be792b8966f2c69538199728b290e34726562896df1e5dc8ffd8d8188e8 \
    --hash=sha256:31348097ff5bbe827ccc41795d4dd099d9f0625e7def00ee653c137a490c2a6c \
    --hash=sha256:3143d81e29e1e20a9ce10901ec369012947876596f75a222235965f2b7ae832e \
    --hash=sha256:3222ba5d678f80a030e6afbcc33dc1ae5cb45facabb61cee2c7016b8432fde48 \
    --hash=sha256:3311ed60d36f83378794e1009ac6258bafbf81f7888b4caa7b35a521e3f95813 \
    --hash=sha256:334644fbac4eff73d985a17a91226df55d0f394160c4cfb880e084c8f7161cac \
    --hash=sha256:34e261f78cb6ceaaa36f42f2613f4380d94d9c759a9c73c769ee6e0247364632 \
    --hash=sha256:363e05fa78e15116c3c32c210ee36884fd6b9afa6d440e47112c3bd511d64cb6 \
    --hash=sha256:398aff33cee2767e3e781d2554c54bd0dff386bb437581e0d8011fde1a942ec1 \
    --hash=sha256:3d22a20b1fb1632cc72c22f95f7b0d2961c3e1c235f245ba4c606c4771035659 \
    --hash=sha256:42a494cee34437f05546455144f2b5d9ac09b1face62bcfce597d2e521066688 \
    --hash=sha256:42e2f76b9455f5a9a844f770bf3e200ed3da0e15f5df3db9c31fe80b04b3d004 \
    --hash=sha256:42f6930c31dc7f50732c9ae793c2786c7b6b044195967bbdde40bb9be81c4cc0 \
    --hash=sha256:456a61fa52d579ebf9df2e9552ead5129855dbaff6c1e5a9b1bc408809bdc062 \
    --hash=sha256:471cee653ae88de62096552e6d24ccb4a5adb8c8c9f10b5054d0122c15bf2779 \
    --hash=sha256:49cbc70e6542d4ccccb936558d1064a8012541e78f821f955cff24e357776c94 \
    --hash=sha256:4a7c934f7360e8cd64fe9efadcbd10c7c6364f531e432b9a4bf5ccbc9e0e8b50 \
    --hash=sha256:4be96343e422f2dfcd12ab5c9f5aebe03f82f737c6bffeca6830b3875cb44aab \
    --hash=sha256:4f42141fc14250de6dde5ee7ea4432be017252d91f19c5ad043c084cea629cac \
    --hash=sha256:507a24c282e0f42f8ed737cf048572cbf580468da5555764a8331735e9c736b6 \
    --hash=sha256:51b31d1c98274844cfd7838ce00bfc27c7423a4dc00fc0772fc3331c2cc90676 \
    --hash=sha256:58acb8ab8e295e6c5ea12f888cbb13cf21511ef2a3303a23f4325c29d17fe5c1 \
    --hash=sha256:5a59cc1c4442bc3d5c703bf720b51138d0bfc173618807c9ee2490a7541dd3d9 \
    --hash=sha256:5bb4e7ea95dcd6a014a6fef62e62467d67d8e582326443f3d68e71d6320a9fcf \
    --hash=sha256:5c58fe613dc5e5336357eff555824a314d8e43282600435c8d1cb6a7a2fedd13 \
    --hash=sha256:5e7cecbaadb83884793e05828cee59b210b24583b9c7425d0ba6a754fe22eb4e \
    --hash=sha256:616f097f2fe415bc92a247f02e11f634e1f9e9a83d327e3c915c15089c87869e \
    --hash=sha256:63bbfd5ded17c4840ac07cd8f1c21ba9d9708141f840b324f422f41b207e3973 \
    --hash=sha256:64faea20f4e2613363a1a9b9c7dd73058f3ecd00133a511e72ad7c511658f527 \
    --hash=sha256:661c298b4821edebead0c91edd2b00374d67ad7c5a1f7a91d4442633b79d6a72 \
    --hash=sha256:68e62fe11f30d5ca8289242866f0a5291402d8529ca2178ab8afc5c9694ae890 \
    --hash=sha256:6a8dddef476fab96d066d578fc88526767b836ab5ab21754e1d5bf3879c31c7c \
    --hash=sha256:6e192623c49c94421616a5778fba35cf0d5a8d000650c1967ef4448ee5cdd990 \
    --hash=sha256:7225e4514edb64eb6740324353e0da0711954fd8d7da4576755b1c6e09b697cd \
    --hash=sha256:75f80557d1389eddbd0de2681f6a390a0c5338c31ddaa821381c203fc3fd50d9 \
    --hash=sha256:770de9db11e84213beec501cfcaa013b019820ca881e03344dea5844f7876d94 \
    --hash=sha256:7750c6449dff7864bb9bb27ddfb0267756189201a3afc911d82b3caacd70dfc3 \
    --hash=sha256:7bde5e4cc5c10140859842b9d383af292b22639a4dffb725314baf45968cef80 \
    --hash=sha256:7ce713ace7c0e4520535b42b77eaa742c16dab813978064913e5a3cf82973b41 \
    --hash=sha256:7da0c5eff80f0197f3b3d1232ec5a682a9325f4ae9016a78f5f5ca35f9ced1f5 \
    --hash=sha256:7dbb61fe3a7699468030f71bbe5f8a0e326a151daa91beb11a6fc1f980c55e1c \
    --hash=sha256:811bd1e21d32de12efca32393a0ab3f5133b54fce9bd44b8bd77ab07da14bf6a \
    --hash=sha256:8ef53b2de9bcb9197d31854256575d59dbac0cba72ac627bb291ef5eceb74be4 \
    --hash=sha256:937c0052c05a31ca1daf18de3158eed4dbfcb9cc107adbea227728d647be701e \
    --hash=sha256:9d2055050ea716bd38b7f7f1579c275386646b4894c155a3e2f3cd62ed41b7c6 \
    --hash=sha256:9f8d177621de5cb38ee3e731eda45d421db093ec0739f46a5594babda7987a98 \
    --hash=sha256:a2d7755bef5a12ed488f4ef1f1b69ee9191d7396083b755a5d2295f6edb4768b \
    --hash=sha256:a48d62ab9d6f4f98c983223a547af44be6ca3691074c31cecced6facd3ba2dc1 \
    --hash=sha256:a4f00aa42f75d6e4595e8866e748cc1705adc0cddfeb2ca86d0d03993d63ba03 \
    --hash=sha256:a6e721d4b0e45d5b65e87534470e67b18dcd092c83f68fba09f152b9cbc061af \
    --hash=sha256:a730a083190634c65cca36ba5f489531576ebd79bcd5c8e172130f6453127231 \
    --hash=sha256:a931079504ecc49efed7744c476a5c343a92fabf66dec2db95edb1b2fdc770e2 \
    --hash=sha256:aa9511c62d14da7aacc9b4bf51f3f697a621e83b2d6919008243c3aad168eea3 \
    --hash=sha256:ab36d55f9ed2d067327667c2fea18dda018eb628dd6347aa01dda6cf1f5d3836 \
    --hash=sha256:ad2c86c495b899d862ea0f4b42891b8713a3bd45dd4105c7fd51c2a72f39f3a5 \
    --hash=sha256:aeae0e330c9f6acd681f647d46cefd30c29f93e3392882e792e82080c9691399 \
    --hash=sha256:b0431303acaea1089ad4b3e9ce4e6518193def1118d4073ca848635ee4ea2e96 \
    --hash=sha256:b5bdfd1c873d4e093aabc0ca84c4ca6dbc4f752afb5c86f146d9742580c9da2e \
    --hash=sha256:baed1e86cc735622097354b9d1281406caf42ff42a886d29faa8e8d1630333be \
    --hash=sha256:c1453022f490d2459a11819d83ad1d586e9ff65a12ac3e705ffebd46d3685dcf \
    --hash=sha256:c26608d2222fb1e94487e4a387d85f13eb55d5ed725cb25a0c589ac4ee60e7bc \
    --hash=sha256:c7659f22557c5a0bc4855cd635f55edec690cc008a40768527762cb9fb263455 \
    --hash=sha256:c8c69575568085ba0b1b10c0249d779a214aea6f6522e949a0fc9fb0fcb449d0 \
    --hash=sha256:c8d2c9fd1f2d16f780d15127abb050d13d1a76c03a4bd87d7e4980e45e511e12 \
    --hash=sha256:ca82be1a1d406ecfe1d25dc16cb33488e5a16bf4438c9fb590484ea29d92478b \
    --hash=sha256:cc572dace3f60ef98d7b12ff411d20f5362feb31a0439eab0085bbfd349982d7 \
    --hash=sha256:d18e5ac0f2f03f4f518d3e23db0f0cad7faa1da8620e9c09461d443bbf6e6692 \
    --hash=sha256:d28630f5854ab07ab1fd4aba756de52326c82e6be15d414b12793f1975048b54 \
    --hash=sha256:d9c275eaacd24aa73f94ffd6de08fc3f932424d8b6c376f4bed7cde376fe7bc3 \
    --hash=sha256:da0e573f9f97159390c89d9f1a9e41908b66d408cc5b58d08cf3847d844c531b \
    --hash=sha256:dd31f52ea1086513bb9df30f8fcee9b8918323ae067a3d5b78bc826a000712be \
    --hash=sha256:dddad92b554513a31f272570678ba307fb9f618f05e3d4a5eacafff9eae03e1d \
    --hash=sha256:df423d40ee8654634421812bc3b196da3f9bd7d32929da813f8394c4348a5358 \
    --hash=sha256:df913725b79db7bcf03448f36b7bf8815363417d5b58deecf9305e3e30f0f21a \
    --hash=sha256:e0bcb7e0f677f543555d2adff3bf19c05f66cdb4796e5ff602442ab2fe3c4ef7 \
    --hash=sha256:e2d65b31f36619cda3999b78b2aa9632e76b78448e7a56fc4240824200e7c4fc \
    --hash=sha256:e6e8cff14d6fb0be70a09c0bdc58096f501952d04624ebf867e0e56da2df8960 \
    --hash=sha256:f16c709686a78c727bbbf059f92b0bf41c6fc60deec706d2dc19f529175a6125 \
    --hash=sha256:f24fb43132a4c6b4cb4eb029492919b2db645be6808d738f244fd146c03c32cb \
    --hash=sha256:f53e442b08449d42821fa4a4fba000095af9f62742a500f978a9f557ec44339a \
    --hash=sha256:f5cfbc5fe74540d335175b656c725d74d90e3730c626d92575eea35029d9afaa \
    --hash=sha256:f81b3b8f3d4e343550fa4baa0e479bba9f2d29ce9c2e9b51d1ce1718d7442fcf \
    --hash=sha256:f8ec5e643a9a937f64e1999eb9f75d072263751912dc5cd06d3c85f8f44be7c3 \
    --hash=sha256:fb92203a88b3d3053034db775110081c49d28be6551923805e039924093761e4 \
    --hash=sha256:fcd22650c908d7b7da162bbfaab594a1227a15d1643a98c68b122ac642fa2264
colorama==0.4.6 \
    --hash=sha256:08695f5cb7ed6e0531a20572697297273c47b8cae5a63ffc6d6ed5c201be6e44 \
    --hash=sha256:4f1d9991f5acc0ca119f9d443620b77f9d6b33703e51011c16baf57afb285fc6
coverage==7.15.4 \
    --hash=sha256:002a438859f7b430bc99afeaf01a6d187dad1d0dc907b64cdeffc632a5db8fd8 \
    --hash=sha256:050467a7983b8e2fe7dd41a78bb30c3e7f8c0b8cafda14b1c46f8b5e3cf2dd3c \
    --hash=sha256:050f66a08805acb5b8a23c6d4a517b1ecf82c08e81ed0e4bd727df065e5c6624 \
    --hash=sha256:0548198fff07ccf4faf469520bce1c2eceb1ce3e62891921138dec10907f9d00 \
    --hash=sha256:05e491d4f3165d62d4f5c8fd48dfeabf2ae8f42cbbd484319af33ea851b78982 \
    --hash=sha256:07545711d4f0f32852a18f18ad11f76f0109909d09e78b9008b4cfc67e829429 \
    --hash=sha256:12b59c90084e3234fb11184886bf4a40f4f16a8c8f867be2e087b81f8e8868d4 \
    --hash=sha256:141fae2cabf5569b782c10afc4c850ce10f618c13f8db54765cba99cc839da1f \
    --hash=sha256:150089274bdc9f940628552cb92844e0223c987f1902ab8efe9f45a2ec758d88 \
    --hash=sha256:1587fb771d1ccceef708fdde1e5af8c7ed24b486b61d13a321acb7d8145390aa \
    --hash=sha256:1c9bf40ebef178a45192c75c4964760bb261b0e6ad725da5fc4c93f674f19753 \
    --hash=sha256:1cd685005cd2c4200adfc14cf39a603b9320efab3f18a8f7f156d20c9cc3345f \
    --hash=sha256:1d10025d96ea89fc2f73714dbc4cbd433fe012c1ac9e23f895d7728b238b6e52 \
    --hash=sha256:1f4f826d70f772ab8b0c052329580d7fe8b8abd191e4ce0c8f81aec6614665d3 \
    --hash=sha256:21b803935e2efc3acebe9697197a294fccf5dc4e5382bd6369542ff7a7d2a1d7 \
    --hash=sha256:226c66e80ec0598d3b9b4874123df167ccca342aca8714f77cac6829688ee09c \
    --hash=sha256:2413074a5ecbb61a01a7888fc72db0ca324d13588c5b38bc0dd8564cdcdfea26 \
    --hash=sha256:288bde2a2d7ab6b6c2d7252fcde8b524387f2d970bdba9658fc6f8bbcaef0f9b \
    --hash=sha256:2c9872e4d9dc5d3cf616bf4b382f5a00359305a5be666a3dd0b5cdb4e49597f9 \
    --hash=sha256:2e179f19bfe1d31f8eeeaa12990194d761c4f62f0759661000bca6cd8729f40b \
    --hash=sha256:2ff8f5e9b8f7a94f0c11c45631eee103dbcb7d63274edd12c56efe1be690b3b4 \
    --hash=sha256:317db01a2cb02552fd67e2b1cca77a4b528a2a277176c5e0bf2cecbb639d3f54 \
    --hash=sha256:337399ad2c93b3acd2a937627dae8b3e86b66707cd3d3e856347999aadf1ef8d \
    --hash=sha256:349062d66f00b40fa2c1c222438bad25fabf755631b5d82937fe985c8008615c \
    --hash=sha256:357a173465c7ce028d07a95cc2b63b5bf59f50ecdd5ad75c5cbb78ada984048e \
    --hash=sha256:37e2f0cdf58e2e1fed4e4d5a8f8786ae2f7eb80b478016876667dc4a01d60a97 \
    --hash=sha256:39ece820e29e0a2ba34b3ecb3be83c27e997eed8926f2ba6fe7ce7a0bda5843b \
    --hash=sha256:3a54f5a0d85050c73a38f6793090ee83974531e67fe5e57a1da9bee11398aa5e \
    --hash=sha256:3d6f4955b73b5445271379a59e3792b0d978f42d4a01e0cf7a67d9c33a3bb0a5 \
    --hash=sha256:3da9e92d1c551fd7563833e9ade686efb0c4b7363ab7681a94283958c950bf5e \
    --hash=sha256:3fc2130bf37df31852a8384f12601563a45a0024bccc6624f38355cba7a8d360 \
    --hash=sha256:3fc9e047706fb4a9abb54f719d3aa643e80e5bb3818182c40aee01ac0f0247ba \
    --hash=sha256:3ff205ab5e3ecc670f6a4dd19d9cbf12ede53dd41cfc1e15716ec961ea6d314e \
    --hash=sha256:4256ced708e598e05209bc1a8ab4074e04a51dba4c62fb45926a229af675ace7 \
    --hash=sha256:425920379052ff1fe465268f3361d35804a241bbdd5a1b592c8cb60df4c52325 \
    --hash=sha256:43619d04c3671792d2c4706ae8bf45e265dc87bbd4078189ef8b847ea1e74be2 \
    --hash=sha256:460115e32ee40566476db5048f9bec1e842c127ad8e6f8be745aad3ac9cbc839 \
    --hash=sha256:46822e9b6ff1c6a72b518c162c44a8f45a61a1d609c51084bf5b16c023c5037b \
    --hash=sha256:474223409d88eb20d2d6a0d37ea60e8647a65a90cc008dc1f0410af5f64f1e0d \
    --hash=sha256:4a4bf917c9953f57c957be31c1cd504e3bd2f34d4a352b9d391a3025336f6768 \
    --hash=sha256:4dff9daa47d83120c3ec38ce921214242944a832aa04e903e50b5b7ebac8972d \
    --hash=sha256:4e6f6f632b7b2f714bf7a1346e8f97b650ee71f3c298aaad42a2ab60f0f07645 \
    --hash=sha256:5172326e861a38b48b48befca15e0f477a26b283337a33a739c8fed229934e36 \
    --hash=sha256:5669c8378ebde86f5def7a25d29586631b58acc27ffde04399f678f3dfc6e082 \
    --hash=sha256:5a325e815318638aed1655d9c06e6d7c2d3d46c09231ce988070428a8762d734 \
    --hash=sha256:5c3431b2161279b7db5c2a1aa58ae02e5cb8c3c42d93a5094be3f5537bd5b11b \
    --hash=sha256:63fd6fcd1dd6e158f7eb78606e72933b3f6d01e7b747f99c6c12d764307a0fdc \
    --hash=sha256:67bc345491ab55b837277d76f5775d057e8c7f1ac44d890d8c2c82adde258c6f \
    --hash=sha256:6879ded16a27f3eeca19b900c147e81616e7054db451471a611b2755ee5249f7 \
    --hash=sha256:68be5e1de60ff13c9095bbec0e5a7fa45b33b101752215b91345ea1f61c4a278 \
    --hash=sha256:69484d1aca26e322e1c3ce03f09341e84524ababad2d7202161738d83cc9f82e \
    --hash=sha256:69bb2400abef928e365ea7d4d9925169ada78ed2295546780002d4b65de3df88 \
    --hash=sha256:6befeab5fb2b51c958ca4ac6c5d141a1e8240f4f76e46350f1911963deda49cd \
    --hash=sha256:6e0a8a5083b096487d6cfced94cdd514d8f5db6f113610fb36c0620edb1028cf \
    --hash=sha256:770e9325ab5ea6d56f77e59b29ecfe0ac20b57a82a601876f90494a4dda0386f \
    --hash=sha256:7a2b580774a4786c1053157c0165e04476e03ff293993d7c148eee784a94bae6 \
    --hash=sha256:7bbd7d6418e0dab31a206af5203bd43ae36edb8e7fba1940b055d3e9249290d7 \
    --hash=sha256:7c922735321eef3f87c280a3d39afff6b646723a2880b862cda4ac7a093b8aa8 \
    --hash=sha256:7d1abebdb047729e852b9c77a00497dfbeb11eb3a117e037d7dbc3ac8e5f5c54 \
    --hash=sha256:7f2f62ae3cd189dd2e13aece758c57b3eecbd27be070dbd4cbd10936049e5dbf \
    --hash=sha256:81294c7e6ab30c5f74c0353b11b2fd6320e72d9bee6ac73b357caa8b916323a5 \
    --hash=sha256:81661f82d302484e3119e7c80c519c02fa9bcc2a6b339baf67d67bc89c580f04 \
    --hash=sha256:83cf06cdd687677742caff1a9134833b7a8b75f111519d2cb0e0ba1b9a851e15 \
    --hash=sha256:899b9da30f3c6c336566e3707495bb23e8302d39d862f01fa78c48b99b9437e2 \
    --hash=sha256:8af623e5cd92080acddd02b38f2f406a2c3a0893c38950b211890361448fbf26 \
    --hash=sha256:8b4f1c3a69ca580f3fbd6b2046915f536d7f586874f25c1bb23add2a3c88d50f \
    --hash=sha256:8bc16bb47b7679670eceff71d78bfb7d6e5b143f6c2cd117487ec7c75e0d4b78 \
    --hash=sha256:8df457da2249d3c75ca2e5e835d59c725abfe92d27fdff6cd99eed85b51d5e9a \
    --hash=sha256:8ee3838dcb656602c3b51e16aed9bfb0822f8d8d6d1c5966d32ec8c104be8e20 \
    --hash=sha256:8fa4de68e2a752468ff14b4e15db7def689a71be759e826a31ccecbef69c5fd0 \
    --hash=sha256:93a3a0b662abcc10c73a47cbc72cd60f63618d6989fb2d1286e50eacd974f303 \
    --hash=sha256:964730a1e9de9c0cf11be6a1a3c79ce419c34882842abd256086ba4698705e84 \
    --hash=sha256:96e257121228ec5cd2bb919276e94ac11074471bc37d68dbae0e8308cce15fff \
    --hash=sha256:986be58c3ab54aae8d3496a6225eea74f760fdbe739b38bd442c7e8d133aa53b \
    --hash=sha256:9e71e7bc71c686a123347ae47a0de33a175e797a85bb57b791492adf4eec8ed8 \
    --hash=sha256:a0865421cfdc53654b342d515e5a233187590882d20b95752150e53f65460017 \
    --hash=sha256:a093fd37229918976f602aa07aa59e0973cde82186f220c8e197f721f5be0ce4 \
    --hash=sha256:a58a94fed5da6997d258e8f7668c1e195fbd04a691d781b7558f1e468f9e68bc \
    --hash=sha256:a67a9f78b2942d87ba8ce3059c642164d2aedd65337377fb52fe9803656bc5c7 \
    --hash=sha256:a9447978a92f405d301123cfd39ff49895490efb769a758fe2734c7f631bf8ce \
    --hash=sha256:a9464451c4efffe8d47ace5a540b10b0dc10e879066290f8600872b7f54a419d \
    --hash=sha256:ac41cc14bebda0dbfb0628036b7f75706935c95bcc07fefe9a0f93614aa60a57 \
    --hash=sha256:af6c538498ce66c10d3fd541c2a8d5b03da5850355add34e6cba564210cb9e72 \
    --hash=sha256:b10075e5421d04265766a6d1dac809bbeb8a946fbb23c8f82c227409b2190719 \
    --hash=sha256:b24e078eabcd6a9caa8b0713f9bc1eeb310bcc960a29d45a3b4fcd4b16d5b11d \
    --hash=sha256:bbac5abad70df71019988f83f26ac7092ff2642975def4429e98dc7585ef3490 \
    --hash=sha256:be619439dbcd31a2eab10b32de9fff62c26ed4bab69dc32b8363fdaaa0882809 \
    --hash=sha256:c2de40895718f91951b86712b4c5b694acaf9a0a49be13874896f599a1eed3f4 \
    --hash=sha256:c38efe30fd74e5c19e9433f11fb1f5dc9c6522770971b7c6145bbaa413dc8800 \
    --hash=sha256:c6103639613fe6c1e989082948419bc77a2d26b6c825c99d7fad25f7d3d87afc \
    --hash=sha256:c65a9e0dfc6143491879da4e13b5e30f8be192055de508d737fb14601edbd22c \
    --hash=sha256:c705b28feb2775dc82a25f1d473a370bc37ff93f5177f4e29ce2425f560f6921 \
    --hash=sha256:c7dbc748ac8a1e3e59a2b28bea47675e6e778081dbbf081bde0d75def2fcbe1d \
    --hash=sha256:cb476b2e828ecb71cb6b6a928d23fd20a7ddb501188022dae1c37499149cc338 \
    --hash=sha256:cbde877ef9dd7baf272b9bfef2b8a25edd45d9170fc326951dd20eb480335e85 \
    --hash=sha256:cfe20cc8cf8821d4fe54f89106cbf06aa27f37b5bbe3535568065a81539b4150 \
    --hash=sha256:d003b7a5708ddad5c206c79607a6b92abb6fc13c57d99d8a4468cc03a2941ced \
    --hash=sha256:d0be6daac4cce6b8c8dc65886bae1b082ddbca4da8e5cbb5e15166acf253e264 \
    --hash=sha256:d12b33a3a50a1676b7784dc8d00a0c6d66a9f2add4b85a041c19b6a7e53ef23c \
    --hash=sha256:d15715e8c46552827e5e4f30a35575a2dbcad14454cf3284c54483946bd16931 \
    --hash=sha256:d28a4a899354d0ea6214cc59b4fa19eefbce1b9ff1688ab579acf49e894bd3fb \
    --hash=sha256:d3af93dddb5659276c63bc16ac6466ac2033a70ca816097bbc06345b8ccdf571 \
    --hash=sha256:d4fedd1f7f428f9fe83b1ead5e7cc87a43427be31aadafbac3ac0636dc7abb22 \
    --hash=sha256:d802e1947603162ded419bff83ac7489820355d2b856dfb09206574e3a37ac0c \
    --hash=sha256:d80f974b20782d9612c8b4c9beeca867074c7cf4079d1419843fa25a26428b25 \
    --hash=sha256:d9df165544774574ee004b953023d1bebada1894a80b1052a43d798b0f676e67 \
    --hash=sha256:de602f34123c2f4af1c1869c6dbbbd60da6d5983bf01937367295d135cccbfce \
    --hash=sha256:def597967dafc2e8d97c9097ea453c464e0bb8ed38f193a43070f10dc623bb6d \
    --hash=sha256:e101dbb4b9b72f0cddd8cdc8c9c5b47f456766f5e0ac82dbfb75e5c55409b78a \
    --hash=sha256:e4193a04b518f7968f3099755f5509ee7cccc6dc2b92a6b14841934d22e222c9 \
    --hash=sha256:e98dcc55d572b38e69d117da7e8e8efb8500f1f5eaf81ecd460a63220790b839 \
    --hash=sha256:ea82116c9893fa89e929b7f197ee5a1950a76e91cc5c85ba503fc02379d04890 \
    --hash=sha256:ebd5a6d8466ff30836572f3ba2cae8a5e8f85029b1c6d5e2ed338dc472a5166a \
    --hash=sha256:f0204ed122758782970526057093f448051a39db9d810d4e344bb87a3546f425 \
    --hash=sha256:f21b56dcace11dfe013014201f577dcd592b2a9b72182d930361b47cf6f73f25 \
    --hash=sha256:f41c17c4668a655ce96d090d8d5ffdc24ef64b5a02f9753884d08483e8a4a41a \
    --hash=sha256:f9de0a24a4079b53e523b5c5e2c5945ec251ab486652659955187cf255a259bc \
    --hash=sha256:fb55d0e70bb15f2e81477613627286581414693d74ac7963c93a790dd453ca9d \
    --hash=sha256:ff97a14362eef486483ed44042ca2027ea257df6ff768e62358ee0c9776925ac \
    --hash=sha256:ffb3c2aacea411cc7e1d27712490c11108e2de1d39019ae32915493a59a8b9ed \
    --hash=sha256:ffb58d7eff5b7f6ecc6fa21d6288ab7f968a212cb67d682c269c09b9eba3b66f
cryptography==46.0.7 \
    --hash=sha256:04959522f938493042d595a736e7dbdff6eb6cc2339c11465b3ff89343b65f65 \
    --hash=sha256:128c5edfe5e5938b86b03941e94fac9ee793a94452ad1365c9fc3f4f62216832 \
    --hash=sha256:1d25aee46d0c6f1a501adcddb2d2fee4b979381346a78558ed13e50aa8a59067 \
    --hash=sha256:24402210aa54baae71d99441d15bb5a1919c195398a87b563df84468160a65de \
    --hash=sha256:258514877e15963bd43b558917bc9f54cf7cf866c38aa576ebf47a77ddbc43a4 \
    --hash=sha256:35719dc79d4730d30f1c2b6474bd6acda36ae2dfae1e3c16f2051f215df33ce0 \
    --hash=sha256:397655da831414d165029da9bc483bed2fe0e75dde6a1523ec2fe63f3c46046b \
    --hash=sha256:3986ac1dee6def53797289999eabe84798ad7817f3e97779b5061a95b0ee4968 \
    --hash=sha256:420b1e4109cc95f0e5700eed79908cef9268265c773d3a66f7af1eef53d409ef \
    --hash=sha256:42a1e5f98abb6391717978baf9f90dc28a743b7d9be7f0751a6f56a75d14065b \
    --hash=sha256:462ad5cb1c148a22b2e3bcc5ad52504dff325d17daf5df8d88c17dda1f75f2a4 \
    --hash=sha256:506c4ff91eff4f82bdac7633318a526b1d1309fc07ca76a3ad182cb5b686d6d3 \
    --hash=sha256:5ad9ef796328c5e3c4ceed237a183f5d41d21150f972455a9d926593a1dcb308 \
    --hash=sha256:5d1c02a14ceb9148cc7816249f64f623fbfee39e8c03b3650d842ad3f34d637e \
    --hash=sha256:5e51be372b26ef4ba3de3c167cd3d1022934bc838ae9eaad7e644986d2a3d163 \
    --hash=sha256:60627cf07e0d9274338521205899337c5d18249db56865f943cbe753aa96f40f \
    --hash=sha256:65814c60f8cc400c63131584e3e1fad01235edba2614b61fbfbfa954082db0ee \
    --hash=sha256:73510b83623e080a2c35c62c15298096e2a5dc8d51c3b4e1740211839d0dea77 \
    --hash=sha256:7bbc6ccf49d05ac8f7d7b5e2e2c33830d4fe2061def88210a126d130d7f71a85 \
    --hash=sha256:80406c3065e2c55d7f49a9550fe0c49b3f12e5bfff5dedb727e319e1afb9bf99 \
    --hash=sha256:84d4cced91f0f159a7ddacad249cc077e63195c36aac40b4150e7a57e84fffe7 \
    --hash=sha256:8a469028a86f12eb7d2fe97162d0634026d92a21f3ae0ac87ed1c4a447886c83 \
    --hash=sha256:91bbcb08347344f810cbe49065914fe048949648f6bd5c2519f34619142bbe85 \
    --hash=sha256:935ce7e3cfdb53e3536119a542b839bb94ec1ad081013e9ab9b7cfd478b05006 \
    --hash=sha256:9694078c5d44c157ef3162e3bf3946510b857df5a3955458381d1c7cfc143ddb \
    --hash=sha256:a1529d614f44b863a7b480c6d000fe93b59acee9c82ffa027cfadc77521a9f5e \
    --hash=sha256:abad9dac36cbf55de6eb49badd4016806b3165d396f64925bf2999bcb67837ba \
    --hash=sha256:b36a4695e29fe69215d75960b22577197aca3f7a25b9cf9d165dcfe9d80bc325 \
    --hash=sha256:b7b412817be92117ec5ed95f880defe9cf18a832e8cafacf0a22337dc1981b4d \
    --hash=sha256:c5b1ccd1239f48b7151a65bc6dd54bcfcc15e028c8ac126d3fada09db0e07ef1 \
    --hash=sha256:cbd5fb06b62bd0721e1170273d3f4d5a277044c47ca27ee257025146c34cbdd1 \
    --hash=sha256:cdf1a610ef82abb396451862739e3fc93b071c844399e15b90726ef7470eeaf2 \
    --hash=sha256:cdfbe22376065ffcf8be74dc9a909f032df19bc58a699456a21712d6e5eabfd0 \
    --hash=sha256:d02c738dacda7dc2a74d1b2b3177042009d5cab7c7079db74afc19e56ca1b455 \
    --hash=sha256:d151173275e1728cf7839aaa80c34fe550c04ddb27b34f48c232193df8db5842 \
    --hash=sha256:d23c8ca48e44ee015cd0a54aeccdf9f09004eba9fc96f38c911011d9ff1bd457 \
    --hash=sha256:d3b99c535a9de0adced13d159c5a9cf65c325601aa30f4be08afd680643e9c15 \
    --hash=sha256:d5f7520159cd9c2154eb61eb67548ca05c5774d39e9c2c4339fd793fe7d097b2 \
    --hash=sha256:db0f493b9181c7820c8134437eb8b0b4792085d37dbb24da050476ccb664e59c \
    --hash=sha256:e06acf3c99be55aa3b516397fe42f5855597f430add9c17fa46bf2e0fb34c9bb \
    --hash=sha256:e4cfd68c5f3e0bfdad0d38e023239b96a2fe84146481852dffbcca442c245aa5 \
    --hash=sha256:ea42cbe97209df307fdc3b155f1b6fa2577c0defa8f1f7d3be7d31d189108ad4 \
    --hash=sha256:ebd6daf519b9f189f85c479427bbd6e9c9037862cf8fe89ee35503bd209ed902 \
    --hash=sha256:f247c8c1a1fb45e12586afbb436ef21ff1e80670b2861a90353d9b025583d246 \
    --hash=sha256:fbfd0e5f273877695cb93baf14b185f4878128b250cc9f8e617ea0c025dfb022 \
    --hash=sha256:fc9ab8856ae6cf7c9358430e49b368f3108f050031442eaeb6b9d87e4dcf4e4f \
    --hash=sha256:fcd8eac50d9138c1d7fc53a653ba60a2bee81a505f9f8850b6b2888555a45d0e \
    --hash=sha256:fdd1736fed309b4300346f88f74cd120c27c56852c3838cab416e7a166f67298 \
    --hash=sha256:ffca7aa1d00cf7d6469b988c581598f2259e46215e0140af408966a24cf086ce
greenlet==3.5.5 \
    --hash=sha256:03115c2e0a371999bf8ae616aa8d653f96641d4705c457aebaa187276e9f7537 \
    --hash=sha256:03551ed792cb1b4fc0277a0c60dfd8c343894a0ba06fe60dcd22f568b433da39 \
    --hash=sha256:0e5a7de979d764aea1f5b6e95cf92b5b37741b9823702041f34b126e7f690277 \
    --hash=sha256:102817506f6090b5176c746a82603341a549b40e5c3d5b72a4c672228a918c41 \
    --hash=sha256:12e2ee66c2aba86133f10fd99d6a8856c6d351ffb7be0e4d52ef2cc5fbb705b2 \
    --hash=sha256:147b25a42e5ca5be3d42356e8f608b37af715a1c196e9bf9d1627f3341adfe1d \
    --hash=sha256:159df1942d88e8f784cbb38d6f18bdb365cd11319cfbb3e89623de2b97892d53 \
    --hash=sha256:182de51c6b572a705f2fafaab2e783bcf7d2760940229dfe73086cbae037af3e \
    --hash=sha256:19d59f068887d8c5907fc177f27683413ace3011b6ed646c0b309266e74a6502 \
    --hash=sha256:19e4e026fe20691f333b8eb1a3bc9625eceba8c3f9d62ec5a6f8581afbc6b5a5 \
    --hash=sha256:1af90aa4bc129883b340cdd6957a3bc74f60528a4993bbd1f53aaebe1d9981cc \
    --hash=sha256:1b5ed9162c0c098e0bbc2cf88a94f433c1b8926f831745252e099e5d83e17759 \
    --hash=sha256:1e8d9391fe77f15649589a907cef972dbbd6352ef7ff7dc0492f658c0c26495f \
    --hash=sha256:27493374cff1d1b7919dc8126547f2aea582737e3046147b434b1e12de56389b \
    --hash=sha256:2888a3a38bc5ee5bb6c438372197152e815837e4fab7ed7a1f86ef18ffd58ad1 \
    --hash=sha256:2b70a766135540c472ac1393d57c2e1b4a2eb85bf526a1e41e6d096173a8cee5 \
    --hash=sha256:2d57406c3efd32d7a81e17a674314e8bd00792cdab49ea3228a49aa1bfb2e769 \
    --hash=sha256:2eabb980975cba5b93a95f6f69287d05fc05ac955bfd6a320a7c083eeb52c0b0 \
    --hash=sha256:3134291427bb0f3526e9d90311988caf336eb43730e95244997a4fb15f45144f \
    --hash=sha256:35cbb8bf55ace57fbccb4fb8622c4521713acd8691e77f4696d416ea7ca527da \
    --hash=sha256:37faa97daccb6d9f4c2141ce3118d023c3c5506864a7d8bdf726f665018c1f76 \
    --hash=sha256:40239b5384f96da3963585cc6d7eaa9b56f8ae67e8d92cc82dd9e202fc847de3 \
    --hash=sha256:4441153ffba21b90d3ca89fe3d31f5c093ae6c0bf0cfdfc98f54cde22f95b62e \
    --hash=sha256:44f08341873200ba8a60a8bc14ace3d91f1754f7fa7bc66157714a8cd420a476 \
    --hash=sha256:469dbb0a78625642f4a626cfd0c6e8bccc0385b5e49189b6308bbe849ec88a8e \
    --hash=sha256:49520f0c95a48b42cf55414b8e8479beb274ea70431afc33e3f79903c71f4380 \
    --hash=sha256:499adea519f748407fc6806d20eedabac2884fd73b9f38d81236e190ba20dfef \
    --hash=sha256:49ddacd36af37735fab103846f4ee4d18a492dde72730d1699c0c8ebe30d9f18 \
    --hash=sha256:4dfc7c4470354e7b09184d1a3a985761053a2fd694ddb5b5c80242afc2c8c90b \
    --hash=sha256:5173a72310725a74afc82c164f0e52cb8ad0de62f2bb623f24f6c0cc07d80272 \
    --hash=sha256:523bb8e27614d77101ea7a8cf59f8d91219b72d5c29f6a038c92b50828bfa8d0 \
    --hash=sha256:55272212cbc5f43d1d723725ab931f1939969b7e9523882ca58b55061769d053 \
    --hash=sha256:5e2afcfc4d4305dd715809b03da5cbe437c8984f61d8917751eb5fe4aefa3e07 \
    --hash=sha256:5e9ec2e7c98e895fcea0c5cc57b2606cf86ece6d0a56578f3eb225e2af4f0387 \
    --hash=sha256:5f1b1ff4828cdc1aba4266aff814085d04a1d07959287219af021b838b265d52 \
    --hash=sha256:634cf15a233a949136879dd388e25d3296e16f3f1e217d2456797b8579ebc6ed \
    --hash=sha256:655bca754a2ef4efcb0eb48a94d3f4593536d0f3d48f8ed44343c01d16a92f95 \
    --hash=sha256:68184dfcf50ccaa8e864770fe0633a7e27250ea9329f8192ef47ee9ecfd78e1c \
    --hash=sha256:6b241c32f912ada659808d68e308c568baf577eebf757d15471472de0c18cfad \
    --hash=sha256:6ca5d6ae0739e5764f2cfcfaa562ac5a990cbdaedca93251c5e3cf07c362371f \
    --hash=sha256:6d9b454c5fc48aeaa7c4337813dbf513a6870468e426438a04d922c6d0fe63db \
    --hash=sha256:70b157cd319873e8b544ddc2de158f55bbd0a9b0218c8ce9332039801518e328 \
    --hash=sha256:712aee154f648bde84634654bb38bb78c69ac640c37a45c9effed800735049d8 \
    --hash=sha256:72507285b5caa1d17904a3f7c322ca780823a54170a0e04ec3f37bcc60d4db71 \
    --hash=sha256:740e544169527b82695ce76af2f7ad6f030904658f2f3921a1d245771fb88cfc \
    --hash=sha256:74cc6df89ec5302337adc9cf096221cbed2510fd444b0e0f1586cf0470740864 \
    --hash=sha256:7805655781fb8f28a55d05fe57ed61f5f10f1892fb587673e3bb5264f28041f0 \
    --hash=sha256:7dffc5c859fe6059974df1e37d7923d654a83e2ae18fdd616994270e001115e1 \
    --hash=sha256:7f049911ee81a16a03c33d5450d8d5867d27f596ca5fb201b86f4524e874468b \
    --hash=sha256:816230f469381ad0a43abc9fa8dda5a699e32fb78958dde32ded93213b70a667 \
    --hash=sha256:86c5113d698cb8d927b2750bb1f1d59eefe3a37e0e0217491aee29a7f84ef52c \
    --hash=sha256:8a268024ce2d7d2b04694bf1594058981a9fa663d1df4b762dee499211ed7c1c \
    --hash=sha256:8bdfd1424abcf26832961e766570cae79efdb9599d709088c9cb6ef82b194926 \
    --hash=sha256:8fec3f165dfe332e490c3247c0f6c23b0bfc45f06496ad7f00ddb00e3d35e4dc \
    --hash=sha256:95c5b1f4b3a193f8a0c2de4bfdcb48d119f7f1063941f1de1f2168051b3e52dd \
    --hash=sha256:9ab5f5b93655e77fe0d6c2dfd22b5eac751bb1f876d8ec21761b7c1fb9266007 \
    --hash=sha256:9ec0dc0e59dc9c61af5c47348365ccbbd7addfafe0a93b00336ff3da2907bdc6 \
    --hash=sha256:9ff00e12102358292087274dfb1669132387ff6e7920ebf9d85f4826ce0d3a56 \
    --hash=sha256:a1eaccf5c3a1d3e46dead602c72e6836731e8e245c9de6a27764567b6b62d4c0 \
    --hash=sha256:a5433cf291e0ef9114bd14d0d824db6e5e4a43033234bca48181a9597acca07b \
    --hash=sha256:ab3df3dffb58bf70564e93a5cec7941e4d9faa5a36cc4234a10d3131afe04f53 \
    --hash=sha256:abc8bc8d9f935cd685457545b6a53863a877fdc12c2c0f5ee9beee18d9db139c \
    --hash=sha256:adb4bae02e91a8e863e48b177e4014bdcac8a6b5e047ea1df687a61534b85e6c \
    --hash=sha256:b18007dc2473a7942fd157366b55f01da6fed7ce85318591005b419e0a439474 \
    --hash=sha256:b79fd2a5bc099b5e744f34c4c9a58954a5f4cb7529fb4b6e8446057d61b6edaa \
    --hash=sha256:be63afcbbccfad3dd95a1ba12ada84dab2ef32031973d80b5b92df67fa763a61 \
    --hash=sha256:c0db80fcd5b8aece93f66c64f78a786bbb6b96c5fe63ef5a5a4581ecf8bab206 \
    --hash=sha256:c69bed34470abfcd456984fdadaa18e62169af4480335c45f3c32d1d9c12e638 \
    --hash=sha256:c6ce25fee6cabc8bf22cb8b52e642cbb821be5b9aec8094d07ff03378141b8e9 \
    --hash=sha256:d246c0db9a2513cd45f019ba178ea4d4d4705bd210ee465e2c15d76a1ab13874 \
    --hash=sha256:d4a389a852e392a6366058651a20fa5ba40d979865aa81bea2ccbdc44805070d \
    --hash=sha256:d98ef6f92e67c6dbf299dbfd8facc1b0d2d9cedf91e325e73b3d0373fe4309d8 \
    --hash=sha256:e604f58e35833fc46ef20302bcb314dddbfd3fcf33a4f936216d51dd678d63ae \
    --hash=sha256:ef6a08349401d8eaf3cb12688ac8557de95788556b8631ef17555a4a173022c0 \
    --hash=sha256:f0e5a21bd4452a88cf032fc43c4a5b307ab1380eacb63b5988f9c0317885e773 \
    --hash=sha256:f1e2db190db51c17433eee424803818cf0670bf049d9cfe0dd07be111d1aa7c4 \
    --hash=sha256:f2e3d061b8e13aec2f0441689b3c71b244a20e5d274a52cb0f7e31bd1d139552 \
    --hash=sha256:f7278591501941bb2456af102bb9cd59aab48c6cfd6e2dd68fa1290bb0c49a42 \
    --hash=sha256:fef01bd457f11fc158b130ca0027a3c365693280e8e231b65bdaf57999f39f5b
iniconfig==2.3.0 \
    --hash=sha256:c76315c77db068650d49c5b56314774a7804df16fee4402c1f19d6d15d8c4730 \
    --hash=sha256:f631c04d2c48c52b84d0d0549c99ff3859c98df65b3101406327ecc7d53fbf12
markdown-it-py==4.2.0 \
    --hash=sha256:04a21681d6fbb623de53f6f364d352309d4094dd4194040a10fd51833e418d49 \
    --hash=sha256:9f7ebbcd14fe59494226453aed97c1070d83f8d24b6fc3a3bcf9a38092641c4a
mdurl==0.1.2 \
    --hash=sha256:84008a41e51615a49fc9966191ff91509e3c40b939176e643fd50a5c2196b8f8 \
    --hash=sha256:bb413d29f5eea38f31dd4754dd7377d4465116fb207585f97bf925588687c1ba
packaging==26.3 \
    --hash=sha256:94edc256424af38762eb31306eed28beb9f0efc50a8837492c9d6fd6004aed79 \
    --hash=sha256:d7193f7c8e4e93f444fde0262bf90af30e16fa0ad0ad44cb553c87339b23cd1c
pefile==2024.8.26 \
    --hash=sha256:3ff6c5d8b43e8c37bb6e6dd5085658d658a7a0bdcd20b6a07b1fcfc1c4e9d632 \
    --hash=sha256:76f8b485dcd3b1bb8166f1128d395fa3d87af26360c2358fb75b80019b957c6f
pluggy==1.6.0 \
    --hash=sha256:7dcc130b76258d33b90f61b658791dede3486c3e6bfb003ee5c9bfb396dd22f3 \
    --hash=sha256:e920276dd6813095e9377c0bc5566d94c932c33b27a3e3945d8389c374dd4746
pycparser==3.0 \
    --hash=sha256:600f49d217304a5902ac3c37e1281c9fe94e4d0489de643a9504c5cdfdfc6b29 \
    --hash=sha256:b727414169a36b7d524c1c3e31839a521725078d7b2ff038656844266160a992
pygments==2.21.0 \
    --hash=sha256:2363c69b61c4a97c838da3b130dcd6468f4848992b21a82f2a63ec34377137d9 \
    --hash=sha256:610ca751c9bc2492b38eb9a38a7fbc93edbbb2d7182edaf34e66ae493dee5c8c
pyinstaller==6.22.2 \
    --hash=sha256:0260eaad6be3f6fbc1affffe6dc7b8e5b636dbca51b463224daba971610b6fc1 \
    --hash=sha256:06d7b3827a8049db4a2d47e3ec4ae2f69a1041577d8833b8f169745cde573ab4 \
    --hash=sha256:7bee432404eca5dc3ef37c36811c266561b03988f6d3e70ab0fa5352dd5de9e4 \
    --hash=sha256:89b65a3ad07d9dd5832253e37bc45f31872d10d7f9d5c9fd0fdd6088a83829dd \
    --hash=sha256:8c2c4b14caad38c1f3df8e9bf5276fc265e27fe8b4180cab4a37864288427bc0 \
    --hash=sha256:9622686ecc5d5fa492fe6cde29d47df9dd41138cff8177be9f901ca3260f2096 \
    --hash=sha256:9a078877caa3920558a3242d0a7019fe5b825cff4b65ed380c7d1e1bd200ddd9 \
    --hash=sha256:9b990fa6bbe143572f06644a984ad0d7aa2e2ccc6929d4916031343a5888e9a7 \
    --hash=sha256:afb6f9a95d19b6dcd3a7decc40d9adb6ba9c4f8802ddd6c972dfb552953f384e \
    --hash=sha256:becb47ad78272bede87acf2ed830d7545a8f65ab11d06a68fe2b99ba1afaac6d \
    --hash=sha256:ebd1b1ca932d7cf25d7366ce691aaf79a5ff9425811ed7328b5116e4471b6d6d \
    --hash=sha256:f5ccb847451df4207bce18bf53a57b124c9bb4e7e4bad08c5ecc627bcf00b28c
pyinstaller-hooks-contrib==2026.6 \
    --hash=sha256:bef5002c32f4f50bd55b005da12cff64eca8783e7eaf86a06a62410164bab725 \
    --hash=sha256:fd13b8ac126b35361175edacd41a0d97080b75dd5f4b594ecefefff969509dd3
pyside6==6.11.2 \
    --hash=sha256:0444ac71d0791a19bded35f6d9a94515941f23a6eb7098ca45a1b64a338be697 \
    --hash=sha256:13a3c79816879d9743672a669f1988f74459a78f89a97a2624fae4fe059ffa3a \
    --hash=sha256:3201d67e3c10be2eaedd3910ff0f02351eca7e88c95a291cde5e7f2f55ef207f \
    --hash=sha256:57fe867a6c93821a085d74e8a26f863fc2363516848181c466032595b33b1729 \
    --hash=sha256:dc6d03990489a5085842770718392ef5de36352d8f608d9a9fe03e60af4d7b66
pyside6-addons==6.11.2 \
    --hash=sha256:354c574a839f7d0751960ba03f33bec87c95e0f2796dca3287f54d03abe97dac \
    --hash=sha256:a2ca3c73e5f060d4aca49451abd9fba68dd0e1c66ff40cea3a1fe0415def579a \
    --hash=sha256:a8b00956925fbdeffc7052cf933506391289f35ac4f3f71a0a167ec195cd47b4 \
    --hash=sha256:d5606af369484b862b4d5741cfc179e19d2b8819c3e04d210b8188e0c9f85988 \
    --hash=sha256:f449ea4431da20e7b86752cca8d166f93434516fe417f981c27e5f8e1b554407
pyside6-essentials==6.11.2 \
    --hash=sha256:77795c145202e65a78d88f7cd409d186e3ba23d159bdb3ba2dcd159ae5e5f0d9 \
    --hash=sha256:aaf9f25f0f324874085fa5b26a610318db8a8e243cf85bb3e5400595191c7778 \
    --hash=sha256:c8a29def77032773a30879f7f24415b5395ad08592d147c170824ef4c735dfc1 \
    --hash=sha256:d3ec6e1885c46e57f16364f38ea8040ffc5dc0b18341058f608fede3ba930567 \
    --hash=sha256:fadd75c5c20800d64dd0a586ea8cb337c5e630aa2246df0e5105738afa46e02c
pytest==9.1.1 \
    --hash=sha256:1088fbde8f2b49d95a549a195707afa7a76a3ce9bcadc26b6d71f0ffda5fe313 \
    --hash=sha256:37a86b45efb9a47a61a36449063e8e18d0cab3161329fc099eb21783169c4f0c
pytest-cov==7.1.0 \
    --hash=sha256:30674f2b5f6351aa09702a9c8c364f6a01c27aae0c1366ae8016160d1efc56b2 \
    --hash=sha256:a0461110b7865f9a271aa1b51e516c9a95de9d696734a2f71e3e78f46e1d4678
pywin32-ctypes==0.2.3 \
    --hash=sha256:8a1513379d709975552d202d942d9837758905c8d01eb82b8bcc30918929e7b8 \
    --hash=sha256:d162dc04946d704503b2edc4d55f3dba5c1d539ead017afa00142c38b9885755
pyyaml==6.0.3 \
    --hash=sha256:00c4bdeba853cc34e7dd471f16b4114f4162dc03e6b7afcc2128711f0eca823c \
    --hash=sha256:0150219816b6a1fa26fb4699fb7daa9caf09eb1999f3b70fb6e786805e80375a \
    --hash=sha256:02893d100e99e03eda1c8fd5c441d8c60103fd175728e23e431db1b589cf5ab3 \
    --hash=sha256:02ea2dfa234451bbb8772601d7b8e426c2bfa197136796224e50e35a78777956 \
    --hash=sha256:0f29edc409a6392443abf94b9cf89ce99889a1dd5376d94316ae5145dfedd5d6 \
    --hash=sha256:10892704fc220243f5305762e276552a0395f7beb4dbf9b14ec8fd43b57f126c \
    --hash=sha256:16249ee61e95f858e83976573de0f5b2893b3677ba71c9dd36b9cf8be9ac6d65 \
    --hash=sha256:1d37d57ad971609cf3c53ba6a7e365e40660e3be0e5175fa9f2365a379d6095a \
    --hash=sha256:1ebe39cb5fc479422b83de611d14e2c0d3bb2a18bbcb01f229ab3cfbd8fee7a0 \
    --hash=sha256:214ed4befebe12df36bcc8bc2b64b396ca31be9304b8f59e25c11cf94a4c033b \
    --hash=sha256:2283a07e2c21a2aa78d9c4442724ec1eb15f5e42a723b99cb3d822d48f5f7ad1 \
    --hash=sha256:22ba7cfcad58ef3ecddc7ed1db3409af68d023b7f940da23c6c2a1890976eda6 \
    --hash=sha256:27c0abcb4a5dac13684a37f76e701e054692a9b2d3064b70f5e4eb54810553d7 \
    --hash=sha256:28c8d926f98f432f88adc23edf2e6d4921ac26fb084b028c733d01868d19007e \
    --hash=sha256:2e71d11abed7344e42a8849600193d15b6def118602c4c176f748e4583246007 \
    --hash=sha256:34d5fcd24b8445fadc33f9cf348c1047101756fd760b4dacb5c3e99755703310 \
    --hash=sha256:37503bfbfc9d2c40b344d06b2199cf0e96e97957ab1c1b546fd4f87e53e5d3e4 \
    --hash=sha256:3c5677e12444c15717b902a5798264fa7909e41153cdf9ef7ad571b704a63dd9 \
    --hash=sha256:3ff07ec89bae51176c0549bc4c63aa6202991da2d9a6129d7aef7f1407d3f295 \
    --hash=sha256:41715c910c881bc081f1e8872880d3c650acf13dfa8214bad49ed4cede7c34ea \
    --hash=sha256:418cf3f2111bc80e0933b2cd8cd04f286338bb88bdc7bc8e6dd775ebde60b5e0 \
    --hash=sha256:44edc647873928551a01e7a563d7452ccdebee747728c1080d881d68af7b997e \
    --hash=sha256:4a2e8cebe2ff6ab7d1050ecd59c25d4c8bd7e6f400f5f82b96557ac0abafd0ac \
    --hash=sha256:4ad1906908f2f5ae4e5a8ddfce73c320c2a1429ec52eafd27138b7f1cbe341c9 \
    --hash=sha256:501a031947e3a9025ed4405a168e6ef5ae3126c59f90ce0cd6f2bfc477be31b7 \
    --hash=sha256:5190d403f121660ce8d1d2c1bb2ef1bd05b5f68533fc5c2ea899bd15f4399b35 \
    --hash=sha256:5498cd1645aa724a7c71c8f378eb29ebe23da2fc0d7a08071d89469bf1d2defb \
    --hash=sha256:5cf4e27da7e3fbed4d6c3d8e797387aaad68102272f8f9752883bc32d61cb87b \
    --hash=sha256:5e0b74767e5f8c593e8c9b5912019159ed0533c70051e9cce3e8b6aa699fcd69 \
    --hash=sha256:5ed875a24292240029e4483f9d4a4b8a1ae08843b9c54f43fcc11e404532a8a5 \
    --hash=sha256:5fcd34e47f6e0b794d17de1b4ff496c00986e1c83f7ab2fb8fcfe9616ff7477b \
    --hash=sha256:5fdec68f91a0c6739b380c83b951e2c72ac0197ace422360e6d5a959d8d97b2c \
    --hash=sha256:6344df0d5755a2c9a276d4473ae6b90647e216ab4757f8426893b5dd2ac3f369 \
    --hash=sha256:64386e5e707d03a7e172c0701abfb7e10f0fb753ee1d773128192742712a98fd \
    --hash=sha256:652cb6edd41e718550aad172851962662ff2681490a8a711af6a4d288dd96824 \
    --hash=sha256:66291b10affd76d76f54fad28e22e51719ef9ba22b29e1d7d03d6777a9174198 \
    --hash=sha256:66e1674c3ef6f541c35191caae2d429b967b99e02040f5ba928632d9a7f0f065 \
    --hash=sha256:6adc77889b628398debc7b65c073bcb99c4a0237b248cacaf3fe8a557563ef6c \
    --hash=sha256:79005a0d97d5ddabfeeea4cf676af11e647e41d81c9a7722a193022accdb6b7c \
    --hash=sha256:7c6610def4f163542a622a73fb39f534f8c101d690126992300bf3207eab9764 \
    --hash=sha256:7f047e29dcae44602496db43be01ad42fc6f1cc0d8cd6c83d342306c32270196 \
    --hash=sha256:8098f252adfa6c80ab48096053f512f2321f0b998f98150cea9bd23d83e1467b \
    --hash=sha256:850774a7879607d3a6f50d36d04f00ee69e7fc816450e5f7e58d7f17f1ae5c00 \
    --hash=sha256:8d1fab6bb153a416f9aeb4b8763bc0f22a5586065f86f7664fc23339fc1c1fac \
    --hash=sha256:8da9669d359f02c0b91ccc01cac4a67f16afec0dac22c2ad09f46bee0697eba8 \
    --hash=sha256:8dc52c23056b9ddd46818a57b78404882310fb473d63f17b07d5c40421e47f8e \
    --hash=sha256:9149cad251584d5fb4981be1ecde53a1ca46c891a79788c0df828d2f166bda28 \
    --hash=sha256:93dda82c9c22deb0a405ea4dc5f2d0cda384168e466364dec6255b293923b2f3 \
    --hash=sha256:96b533f0e99f6579b3d4d4995707cf36df9100d67e0c8303a0c55b27b5f99bc5 \
    --hash=sha256:9c57bb8c96f6d1808c030b1687b9b5fb476abaa47f0db9c0101f5e9f394e97f4 \
    --hash=sha256:9c7708761fccb9397fe64bbc0395abcae8c4bf7b0eac081e12b809bf47700d0b \
    --hash=sha256:9f3bfb4965eb874431221a3ff3fdcddc7e74e3b07799e0e84ca4a0f867d449bf \
    --hash=sha256:a33284e20b78bd4a18c8c2282d549d10bc8408a2a7ff57653c0cf0b9be0afce5 \
    --hash=sha256:a80cb027f6b349846a3bf6d73b5e95e782175e52f22108cfa17876aaeff93702 \
    --hash=sha256:b30236e45cf30d2b8e7b3e85881719e98507abed1011bf463a8fa23e9c3e98a8 \
    --hash=sha256:b3bc83488de33889877a0f2543ade9f70c67d66d9ebb4ac959502e12de895788 \
    --hash=sha256:b865addae83924361678b652338317d1bd7e79b1f4596f96b96c77a5a34b34da \
    --hash=sha256:b8bb0864c5a28024fac8a632c443c87c5aa6f215c0b126c449ae1a150412f31d \
    --hash=sha256:ba1cc08a7ccde2d2ec775841541641e4548226580ab850948cbfda66a1befcdc \
    --hash=sha256:bdb2c67c6c1390b63c6ff89f210c8fd09d9a1217a465701eac7316313c915e4c \
    --hash=sha256:c1ff362665ae507275af2853520967820d9124984e0f7466736aea23d8611fba \
    --hash=sha256:c2514fceb77bc5e7a2f7adfaa1feb2fb311607c9cb518dbc378688ec73d8292f \
    --hash=sha256:c3355370a2c156cffb25e876646f149d5d68f5e0a3ce86a5084dd0b64a994917 \
    --hash=sha256:c458b6d084f9b935061bc36216e8a69a7e293a2f1e68bf956dcd9e6cbcd143f5 \
    --hash=sha256:d0eae10f8159e8fdad514efdc92d74fd8d682c933a6dd088030f3834bc8e6b26 \
    --hash=sha256:d76623373421df22fb4cf8817020cbb7ef15c725b9d5e45f17e189bfc384190f \
    --hash=sha256:ebc55a14a21cb14062aa4162f906cd962b28e2e9ea38f9b4391244cd8de4ae0b \
    --hash=sha256:eda16858a3cab07b80edaf74336ece1f986ba330fdb8ee0d6c0d68fe82bc96be \
    --hash=sha256:ee2922902c45ae8ccada2c5b501ab86c36525b883eff4255313a253a3160861c \
    --hash=sha256:efd7b85f94a6f21e4932043973a7ba2613b059c4a000551892ac9f1d11f5baf3 \
    --hash=sha256:f7057c9a337546edc7973c0d3ba84ddcdf0daa14533c2065749c9075001090e6 \
    --hash=sha256:fa160448684b4e94d80416c0fa4aac48967a969efe22931448d853ada8baf926 \
    --hash=sha256:fc09d0aa354569bc501d4e787133afc08552722d3ab34836a80547331bb5d4a0
rich==15.0.0 \
    --hash=sha256:33bd4ef74232fb73fe9279a257718407f169c09b78a87ad3d296f548e27de0bb \
    --hash=sha256:edd07a4824c6b40189fb7ac9bc4c52536e9780fbbfbddf6f1e2502c31b068c36
ruff==0.16.3 \
    --hash=sha256:09571e6d1288ed9be475207a3ac04ada404f1cd898104be0f6ab8d7df438575b \
    --hash=sha256:0c5710e247a58a4521e66e124ba9a74655b414f61ba3a2e9e3811e11098f48f7 \
    --hash=sha256:294b95c4ae0cda9388525c2047778aa758d6b8d4bb876fd4e9eaa3ebc92343eb \
    --hash=sha256:2c18c5a101eb540010638cc1ff3c84944d3adb3df62b8d98ca8f22ba484d3413 \
    --hash=sha256:388cdf2166642bd9b13d52b5932d3170f34f8abed7e8d9a855f1d84b83645a0a \
    --hash=sha256:3d0c7c40c87c2a820509c31ba007968da6e1306468c067b2d82fbfdbcd0e8474 \
    --hash=sha256:8457c44f15033c85ddbb77b15d451df9e24e4bd03b628396dd3610cedc3b8f82 \
    --hash=sha256:9e0b1da805eb043654645d74d5de1e5ce2edc686e40790d2b86f56d71cc06a84 \
    --hash=sha256:9f738c0fdfa8eed0b2ce7fb27ee7258208a92a68d7949e62aa15164bc7b389da \
    --hash=sha256:a2d85c02f9b8e165d85e6779184d38c4132de12603dab59c51c28e22584f9e4d \
    --hash=sha256:a37bdea0bbe21780f590bf437d6412c8c4e1b6cd010f91a65c2c40c5e5f5f870 \
    --hash=sha256:b8ca152da82c1acc1fa8d5874b15951935f0eef46f10e6954c83859011b6178a \
    --hash=sha256:c5536e3acfbf9563085aa2be7b13c629c3077e902afc5b941ac44024dbb9f506 \
    --hash=sha256:e2ed719e14aa64d895c2ee922594a90a43c861a93f0575a95ff8c47cdbd13eb9 \
    --hash=sha256:e76d33a347661a84b5be6d043d0347fdc745dfdcf825a8f4fed64b5e26eebdf2 \
    --hash=sha256:e80a7d69ca2a6d1c4d352ec91458cdca6e56c83cdbcabd93e4abe1e53591d948 \
    --hash=sha256:fb785f0be25abe69d320415cd4f833b59e17ba7613d9ba6a958023b6bceb0a50 \
    --hash=sha256:fe155130631a2471fd2e14a7a664a4dfbd7194b8229c3d7b2a40b21178639081
setuptools==84.0.0 \
    --hash=sha256:51a52592b3b99e102b609654876bd65f19f999935166d1352678931132b0c670 \
    --hash=sha256:f4695c21257f0d9b537ec2692c941d02ee143b7cc1276941349a546573b2ef73
shiboken6==6.11.2 \
    --hash=sha256:4bbbd6fa4d7cff5ec5e12bc4c10e1d845fa30c89457ecb13cc64f7bddb77f6f9 \
    --hash=sha256:53659683b1f7a08e9f87eff9b1065f1ceb7110cd7a4bc09fdf5efe43d286604d \
    --hash=sha256:6ab0eba1c904455df621f9a6df3ca2bb896bab8670572d2bc4e37804ae91f19a \
    --hash=sha256:7a7a0a72a9ed26c9bf77d42246b1c736486befb8f31aa2fb29957ea4cdd1c1c2 \
    --hash=sha256:97c49432488df958f0308736f3d15b6915d8826fc380af17bb4b9ec5c4a5e81b
sqlalchemy==2.0.52 \
    --hash=sha256:11560064cc4696e772298b6221ede59e646386d9f2a85d549365473b972f7850 \
    --hash=sha256:1b2d9e507a458832adcfbd8af6e2036ddf069b7710b799448542ebccae2dceee \
    --hash=sha256:1b92a1e23ed40022081217b40d2d1feba4f77064e69ef4f39f68bcbbd148452a \
    --hash=sha256:2d5e53e36e37129fe0be8b9d08b6e4052c10a963ee6cda56c8c10dcc194b99ca \
    --hash=sha256:2e15b1d1116a64fc399b8c2694a83f3e792fdc58df28514a81e1dc4f8cf22729 \
    --hash=sha256:2eb3c6a64b1bfe6704777cfd504e7b8ad093a5f3e03ce67663a5e6742f294e43 \
    --hash=sha256:2f5fa2b2aca75d2c7f36db3a8dd04717b6fbfd1a964fb32bdeae16698e475ab3 \
    --hash=sha256:2f9eccf8793c8c3f8dd2dfd11b9e400cb27d1d19370ef732b66017e212107822 \
    --hash=sha256:309cc8ba50fc5d2174189dfcd49cdf7aa711f8346afcff19f2642ae4fc449c14 \
    --hash=sha256:37a4d548327b6cab9c7d8cdb4e0e82feabee0110c4d150059068e2d1cfbd99ee \
    --hash=sha256:3b81b8363a919ce53453591cdb93702e6bd54ade6c4fa2f468fc053baee5ed89 \
    --hash=sha256:3c95c3044edddb65e4a2f7194ec52ca5a9736f72d33ca3a6fa4196aedcc689fd \
    --hash=sha256:410d52be41d17f1a236d19520fbe776257dc16516ed06bd16d433311842aefd9 \
    --hash=sha256:4699dbb8d396d199e7e78fd4d525e3ad3d6008a9c8c0160b87e74c606c2c3736 \
    --hash=sha256:46f0c46f0d360d727b84660b26c62b295d82306ec2c82b701e97747d2c6dcbe1 \
    --hash=sha256:49565daf5af554f538e23aef1fc81a95a4e49658f152285e45c02f5fc44f04cd \
    --hash=sha256:4b89e93bb89eabdbea9d5d3fa2d6cc6544e733c33064339f91e5292480cf130e \
    --hash=sha256:50bff43b632a56fbf5ed9afdd76307e1512b62051bcd5afb341ae67205bbb6c8 \
    --hash=sha256:5e2d46356ac2ccb7d268ab6c2319ac6a2b42f1b8d5fd8bd3d46855cd82abee97 \
    --hash=sha256:5f8438a98d49424acf69d0d53c0a522951dfe49a6f2d86417fbb37ad3066ab43 \
    --hash=sha256:651d6d8782e80679e6151707c7b490834d46ada526328895abf567f25e63d29c \
    --hash=sha256:6c1b7ed45bf87b214e0a9def9c2313949067efe6269db5ef18d542ee13250af7 \
    --hash=sha256:765f439da5bc8696973bc0c8a31fae0912ac3ff1cb9d66246a6b2728ee4fbbc8 \
    --hash=sha256:77a247d3fd179f6583171e7e0e98f40dc6642ed4f655557515a5a7e25923e9a4 \
    --hash=sha256:7a0d48c4b80717c61385b4e966e087c839a66cfd7b780641dcb428f4dba65608 \
    --hash=sha256:812bae5138bfc0aa46fb0686da0fc7f581f68e2bbb05bc24c3713bebaedd1437 \
    --hash=sha256:8738008376d22f30f411ea3efecf39b51110b6996d80bb73786f30bcfdd5fd3b \
    --hash=sha256:8cf993f065bc04caa5000b339e8d9d6f3d9d00251511f850147c516c9e07115f \
    --hash=sha256:923bb183c1dc64fdf7b717965e3d59938ec4f8b8710b419a21ce403e5da9a9e1 \
    --hash=sha256:9255ceb65a80c1b001129060b63ee776a2e9c288be3b662be36dfbb888fffdcd \
    --hash=sha256:938325a5373267afc53bfbe72983b20fbd64ca47842aac62433c3da1137ecff1 \
    --hash=sha256:9876b09b9f1ce7398b0ffece585c0a911244c53191187341f6bcae640e133751 \
    --hash=sha256:a593db51b3bae75db17a5738ad5f992244b3a03863f83c28117ee482c6a3f76d \
    --hash=sha256:a7438774e1091192fc50a2bd8ceff5c596912d00ecd46587e88effdea7826101 \
    --hash=sha256:ab66fa9618269390d4dfa222f2f2f88f7bc4bf5da13905131b818217db7e8057 \
    --hash=sha256:ab9da41e61b9979b910499d633b241df20c51ee5037e5405b11c2faac3cbe1a2 \
    --hash=sha256:afda3ec521d0517d0de783fc70030775841900896d832de5bbd066549290470e \
    --hash=sha256:b08cddb8989775e3c88799d86704bdfc3ee6e9846118201aa5997f16f27e3a15 \
    --hash=sha256:be8c49131665dfe2cc74c498aa1240ffb548d0fd901325dd11c2c7a18956f727 \
    --hash=sha256:c1e61d08bdf4ee2f41024569e3400de7d6734ba498144766b11260936ccfa582 \
    --hash=sha256:c63bda077685c85ca513286547a531ba57e7a68cf0a7ed3bafcc2bbd18896f4d \
    --hash=sha256:cce4922535db73f9dbb91e3db2b3e851ac629467fd1ebd8e354a60e369521c63 \
    --hash=sha256:cd9206024b8602e7518bbaf44016c29e0045722f09328d8e654941023920d0b3 \
    --hash=sha256:cef328349452ae152637df4d11ce5a0919ecdf0a363e16c830c3518ee33bde72 \
    --hash=sha256:de89de5b5798cafdd7ef7b7b804acec246d6152922128fd9d156cd1701271aff \
    --hash=sha256:df8f213ceb485d8227b74935eb87ba0d80169a8401eba7835da6e30d6727dac4 \
    --hash=sha256:dfe9ce533dbe4d0a2ae1486546619bd30b76bcd670539a44d910361376175f5e \
    --hash=sha256:e0c3ce43907374889f3352bdcc6195c970148a2cb71574cd0237a5071a37fb6c \
    --hash=sha256:e49f51a5d59857a7a0dcaf9469febf7197d9394bd88f00d69c2c4e848112cdbf \
    --hash=sha256:f1c850792a3b25a3ad74dade3f05e4f402cdebfea27438bcadafaa1617f77bcc \
    --hash=sha256:f2b09029ef6f260409eefa5dc2b8276f6c3d7b892bfb50d50e8f852257d4a6b4 \
    --hash=sha256:f4d4f7afc682961dc567db70e00a7b5bd81ccd3743c46199b0257f0744902dde
stevedore==5.9.0 \
    --hash=sha256:abbd0af7a38a8bbb1d6adea2e35b17609cf004eaac323e88a8d8963640dd2b3c \
    --hash=sha256:e520945d4c257700eddc1eb1d79df04b2ea578eef185e0e3fa5b442fc848d3f7
typing-extensions==4.16.0 \
    --hash=sha256:481caa481374e813c1b176ada14e97f1f67a4539ce9cfeb3f350d78d6370c2e8 \
    --hash=sha256:dc983d19a509c94dba722ee6abd33940f7c05a89e243c47e907eb4db6f1a43e5
